
Microsoft Visual Studio Solution File, Format Version 12.00
# Visual Studio Version 17
VisualStudioVersion = 17.2.32630.192
MinimumVisualStudioVersion = 10.0.40219.1
Project("{FAE04EC0-301F-11D3-BF4B-00C04F79EFBC}") = "WeatherAPP", "WeatherAPP\WeatherAPP.csproj", "{7E3486DC-41A4-47FE-9A7E-4E054D75E667}"
EndProject
Global
	GlobalSection(SolutionConfigurationPlatforms) = preSolution
		Debug|Any CPU = Debug|Any CPU
		Release|Any CPU = Release|Any CPU
	EndGlobalSection
	GlobalSection(ProjectConfigurationPlatforms) = postSolution
		{7E3486DC-41A4-47FE-9A7E-4E054D75E667}.Debug|Any CPU.ActiveCfg = Debug|Any CPU
		{7E3486DC-41A4-47FE-9A7E-4E054D75E667}.Debug|Any CPU.Build.0 = Debug|Any CPU
		{7E3486DC-41A4-47FE-9A7E-4E054D75E667}.Release|Any CPU.ActiveCfg = Release|Any CPU
		{7E3486DC-41A4-47FE-9A7E-4E054D75E667}.Release|Any CPU.Build.0 = Release|Any CPU
	EndGlobalSection
	GlobalSection(SolutionProperties) = preSolution
		HideSolutionNode = FALSE
	EndGlobalSection
	GlobalSection(ExtensibilityGlobals) = postSolution
		SolutionGuid = {E81FDD00-C290-4C5F-968E-4C019681FF7D}
	EndGlobalSection
EndGlobal
